<?xml version="1.0" encoding="utf-8"?>
<Project ToolsVersion="4.0" xmlns="http://schemas.microsoft.com/developer/msbuild/2003">
  <ItemGroup>
    <ClCompile Include="Collider.cpp">
      <Filter>Components\BaseObjects</Filter>
    </ClCompile>
    <ClCompile Include="CollisionObject.cpp">
      <Filter>Components\BaseObjects</Filter>
    </ClCompile>
    <ClCompile Include="GameObject.cpp">
      <Filter>Components\BaseObjects</Filter>
    </ClCompile>
    <ClCompile Include="Game.cpp">
      <Filter>Main</Filter>
    </ClCompile>
    <ClCompile Include="GameWorld.cpp">
      <Filter>Main</Filter>
    </ClCompile>
    <ClCompile Include="RenderCommand.cpp">
      <Filter>Components\BaseObjects</Filter>
    </ClCompile>
    <ClCompile Include="Sprite.cpp">
      <Filter>Utility</Filter>
    </ClCompile>
    <ClCompile Include="InputManager.cpp">
      <Filter>Singletons</Filter>
    </ClCompile>
    <ClCompile Include="Timer.cpp">
      <Filter>Singletons</Filter>
    </ClCompile>
    <ClCompile Include="Renderer.cpp">
      <Filter>Main</Filter>
    </ClCompile>
    <ClCompile Include="Player.cpp">
      <Filter>GameObjects\Player</Filter>
    </ClCompile>
    <ClCompile Include="Bullet.cpp">
      <Filter>GameObjects\Bullet</Filter>
    </ClCompile>
    <ClCompile Include="Enemy.cpp">
      <Filter>GameObjects\Enemy</Filter>
    </ClCompile>
    <ClCompile Include="TypePattern_Background.cpp">
      <Filter>GameObjects\TypePatterns</Filter>
    </ClCompile>
    <ClCompile Include="TypePattern_Bullet.cpp">
      <Filter>GameObjects\TypePatterns</Filter>
    </ClCompile>
    <ClCompile Include="TypePattern_Enemy.cpp">
      <Filter>GameObjects\TypePatterns</Filter>
    </ClCompile>
    <ClCompile Include="RendererAccessor.cpp">
      <Filter>Accessors</Filter>
    </ClCompile>
    <ClCompile Include="BackgroundFactory.cpp">
      <Filter>Factories</Filter>
    </ClCompile>
    <ClCompile Include="BulletFactory.cpp">
      <Filter>Factories</Filter>
    </ClCompile>
    <ClCompile Include="EnemyFactory.cpp">
      <Filter>Factories</Filter>
    </ClCompile>
    <ClCompile Include="BackgroundObject.cpp">
      <Filter>GameObjects\Background</Filter>
    </ClCompile>
    <ClCompile Include="stdafx.cpp">
      <Filter>Main</Filter>
    </ClCompile>
    <ClCompile Include="Health.cpp">
      <Filter>Components\BaseObjects</Filter>
    </ClCompile>
    <ClCompile Include="Counter.cpp">
      <Filter>Utility</Filter>
    </ClCompile>
    <ClCompile Include="LevelManager.cpp">
      <Filter>Managers</Filter>
    </ClCompile>
    <ClCompile Include="BackgroundManager.cpp">
      <Filter>Managers</Filter>
    </ClCompile>
    <ClCompile Include="Pack.cpp" />
    <ClCompile Include="Movement.cpp">
      <Filter>Components\BaseObjects</Filter>
    </ClCompile>
    <ClCompile Include="MovementStraight.cpp">
      <Filter>Components\Movement</Filter>
    </ClCompile>
    <ClCompile Include="MovementWave.cpp">
      <Filter>Components\Movement</Filter>
    </ClCompile>
    <ClCompile Include="MovementBobbing.cpp">
      <Filter>Components\Movement</Filter>
    </ClCompile>
    <ClCompile Include="MovementHoming.cpp">
      <Filter>Components\Movement</Filter>
    </ClCompile>
    <ClCompile Include="MovementSeeking.cpp">
      <Filter>Components\Movement</Filter>
    </ClCompile>
    <ClCompile Include="SpriteSheet.cpp">
      <Filter>Components\Visual</Filter>
    </ClCompile>
    <ClCompile Include="AudioClip.cpp" />
    <ClCompile Include="MovementDiagonal.cpp">
      <Filter>Components\Movement</Filter>
    </ClCompile>
    <ClCompile Include="Coin.cpp">
      <Filter>GameObjects\Coin</Filter>
    </ClCompile>
    <ClCompile Include="CoinManager.cpp">
      <Filter>Managers</Filter>
    </ClCompile>
    <ClCompile Include="ScoreAccessor.cpp">
      <Filter>Accessors</Filter>
    </ClCompile>
    <ClCompile Include="ScoreManager.cpp">
      <Filter>Managers</Filter>
    </ClCompile>
    <ClCompile Include="CoinAccessor.cpp" />
    <ClCompile Include="Ability.cpp" />
    <ClCompile Include="AudioManager.cpp">
      <Filter>Managers</Filter>
    </ClCompile>
    <ClCompile Include="AudioManagerAccesor.cpp">
      <Filter>Accessors</Filter>
    </ClCompile>
    <ClCompile Include="LevelAccessor.cpp">
      <Filter>Accessors</Filter>
    </ClCompile>
    <ClCompile Include="MenuManager.cpp">
      <Filter>Managers</Filter>
    </ClCompile>
    <ClCompile Include="MenuManagerSingleton.cpp">
      <Filter>Singletons</Filter>
    </ClCompile>
    <ClCompile Include="TestButton.cpp">
      <Filter>UI</Filter>
    </ClCompile>
    <ClCompile Include="TextElement.cpp">
      <Filter>UI</Filter>
    </ClCompile>
    <ClCompile Include="UIElement.cpp">
      <Filter>UI</Filter>
    </ClCompile>
    <ClCompile Include="ButtonElement.cpp">
      <Filter>UI</Filter>
    </ClCompile>
    <ClCompile Include="GodModeButton.cpp">
      <Filter>UI</Filter>
    </ClCompile>
    <ClCompile Include="CoinAccessor.cpp">
      <Filter>Accessors</Filter>
    </ClCompile>
    <ClCompile Include="HealthBar.cpp">
      <Filter>Components\Visual</Filter>
    </ClCompile>
    <ClCompile Include="Boss.cpp">
      <Filter>GameObjects\Boss</Filter>
    </ClCompile>
    <ClCompile Include="Module.cpp">
      <Filter>GameObjects\Boss\Modules</Filter>
    </ClCompile>
    <ClCompile Include="Module_SpawnEnemies.cpp">
      <Filter>GameObjects\Boss\Modules</Filter>
    </ClCompile>
    <ClCompile Include="Module_Shield.cpp">
      <Filter>GameObjects\Boss\Modules</Filter>
    </ClCompile>
    <ClCompile Include="Module_Shoot.cpp">
      <Filter>GameObjects\Boss\Modules</Filter>
    </ClCompile>
    <ClCompile Include="Phase.cpp">
      <Filter>GameObjects\Boss</Filter>
    </ClCompile>
    <ClCompile Include="Module_Immunity.cpp">
      <Filter>GameObjects\Boss\Modules</Filter>
    </ClCompile>
    <ClCompile Include="Module_Delay.cpp">
      <Filter>GameObjects\Boss\Modules</Filter>
    </ClCompile>
    <ClCompile Include="Condition.cpp">
      <Filter>GameObjects\Boss\Conditions</Filter>
    </ClCompile>
    <ClCompile Include="Condition_Timed.cpp">
      <Filter>GameObjects\Boss\Conditions</Filter>
    </ClCompile>
    <ClCompile Include="Condition_DoOnce.cpp">
      <Filter>GameObjects\Boss\Conditions</Filter>
    </ClCompile>
    <ClCompile Include="Condition_BelowHealth.cpp">
      <Filter>GameObjects\Boss\Conditions</Filter>
    </ClCompile>
    <ClCompile Include="Condition_Time.cpp">
      <Filter>GameObjects\Boss\Conditions</Filter>
    </ClCompile>
    <ClCompile Include="Player_JsonParser.cpp">
      <Filter>GameObjects\Player</Filter>
    </ClCompile>
    <ClCompile Include="EngineFlame.cpp">
      <Filter>GameObjects\Effects</Filter>
    </ClCompile>
    <ClCompile Include="BossManager.cpp" />
    <ClCompile Include="Module_Movement.cpp">
      <Filter>GameObjects\Boss\Modules</Filter>
    </ClCompile>
    <ClCompile Include="Missile.cpp" />
    <ClCompile Include="Shield.cpp" />
    <ClCompile Include="GenericButton.cpp">
      <Filter>UI</Filter>
    </ClCompile>
    <ClCompile Include="ImageElement.cpp">
      <Filter>UI</Filter>
    </ClCompile>
    <ClCompile Include="MenuObject.cpp">
      <Filter>UI</Filter>
    </ClCompile>
    <ClCompile Include="ShopButton.cpp">
      <Filter>UI</Filter>
    </ClCompile>
    <ClCompile Include="ShopButtonTier2.cpp">
      <Filter>UI</Filter>
    </ClCompile>
    <ClCompile Include="ShopUI.cpp">
      <Filter>UI</Filter>
    </ClCompile>
    <ClCompile Include="StartButton.cpp">
      <Filter>UI</Filter>
    </ClCompile>
    <ClCompile Include="PlayerAccessor.cpp">
      <Filter>Accessors</Filter>
    </ClCompile>
    <ClCompile Include="EffectExplosionLarge.cpp">
      <Filter>GameObjects\Effects</Filter>
    </ClCompile>
    <ClCompile Include="AOEBullet.cpp" />
    <ClCompile Include="Module_Missile.cpp">
      <Filter>GameObjects\Boss\Modules</Filter>
    </ClCompile>
    <ClCompile Include="PowerUpModule.cpp">
      <Filter>UI</Filter>
    </ClCompile>
    <ClCompile Include="ReturnToMainMenuButton.cpp" />
    <ClCompile Include="SliderElement.cpp" />
    <ClCompile Include="GoToMainMenuButton.cpp" />
    <ClCompile Include="ExitButton.cpp" />
    <ClCompile Include="LevelSelectButton.cpp" />
    <ClCompile Include="Cutscenes.cpp" />
    <ClCompile Include="VideoPlayer.cpp" />
    <ClCompile Include="VideoPlayerAccessor.cpp" />
    <ClCompile Include="LevelSelect.cpp">
      <Filter>UI</Filter>
    </ClCompile>
    <ClCompile Include="ShopButtonTier3.cpp" />
    <ClCompile Include="TurretPipe.cpp">
      <Filter>GameObjects\Enemy</Filter>
    </ClCompile>
    <ClCompile Include="TimedBomb.cpp" />
    <ClCompile Include="Module_Laser.cpp">
      <Filter>GameObjects\Boss\Modules</Filter>
    </ClCompile>
    <ClCompile Include="Laser.cpp" />
    <ClCompile Include="Particle.cpp">
      <Filter>Particles</Filter>
    </ClCompile>
    <ClCompile Include="ParticleEmitter.cpp">
      <Filter>Particles</Filter>
    </ClCompile>
    <ClCompile Include="Game_Accessor.cpp">
      <Filter>Singletons</Filter>
    </ClCompile>
    <ClCompile Include="MousePointer.cpp" />
    <ClCompile Include="Options.cpp">
      <Filter>UI</Filter>
    </ClCompile>
  </ItemGroup>
  <ItemGroup>
    <ClInclude Include="Collider.h">
      <Filter>Components\BaseObjects</Filter>
    </ClInclude>
    <ClInclude Include="CollisionObject.h">
      <Filter>Components\BaseObjects</Filter>
    </ClInclude>
    <ClInclude Include="GameObject.h">
      <Filter>Components\BaseObjects</Filter>
    </ClInclude>
    <ClInclude Include="Game.h">
      <Filter>Main</Filter>
    </ClInclude>
    <ClInclude Include="GameWorld.h">
      <Filter>Main</Filter>
    </ClInclude>
    <ClInclude Include="RenderCommand.h">
      <Filter>Components\BaseObjects</Filter>
    </ClInclude>
    <ClInclude Include="Sprite.h">
      <Filter>Utility</Filter>
    </ClInclude>
    <ClInclude Include="InputManager.h">
      <Filter>Singletons</Filter>
    </ClInclude>
    <ClInclude Include="Timer.h">
      <Filter>Singletons</Filter>
    </ClInclude>
    <ClInclude Include="Renderer.h">
      <Filter>Main</Filter>
    </ClInclude>
    <ClInclude Include="Player.h">
      <Filter>GameObjects\Player</Filter>
    </ClInclude>
    <ClInclude Include="Bullet.h">
      <Filter>GameObjects\Bullet</Filter>
    </ClInclude>
    <ClInclude Include="macros.h">
      <Filter>Utility</Filter>
    </ClInclude>
    <ClInclude Include="TypePattern_Background.h">
      <Filter>GameObjects\TypePatterns</Filter>
    </ClInclude>
    <ClInclude Include="TypePattern_Bullet.h">
      <Filter>GameObjects\TypePatterns</Filter>
    </ClInclude>
    <ClInclude Include="TypePattern_Enemy.h">
      <Filter>GameObjects\TypePatterns</Filter>
    </ClInclude>
    <ClInclude Include="RendererAccessor.h">
      <Filter>Accessors</Filter>
    </ClInclude>
    <ClInclude Include="BackgroundFactory.h">
      <Filter>Factories</Filter>
    </ClInclude>
    <ClInclude Include="BulletFactory.h">
      <Filter>Factories</Filter>
    </ClInclude>
    <ClInclude Include="EnemyFactory.h">
      <Filter>Factories</Filter>
    </ClInclude>
    <ClInclude Include="BackgroundObject.h">
      <Filter>GameObjects\Background</Filter>
    </ClInclude>
    <ClInclude Include="Health.h">
      <Filter>Components\BaseObjects</Filter>
    </ClInclude>
    <ClInclude Include="LevelManager.h">
      <Filter>Managers</Filter>
    </ClInclude>
    <ClInclude Include="BackgroundManager.h">
      <Filter>Managers</Filter>
    </ClInclude>
    <ClInclude Include="resource.h">
      <Filter>Tga2D</Filter>
    </ClInclude>
    <ClInclude Include="stdafx.h">
      <Filter>Tga2D</Filter>
    </ClInclude>
    <ClInclude Include="targetver.h">
      <Filter>Tga2D</Filter>
    </ClInclude>
    <ClInclude Include="Pack.h" />
    <ClInclude Include="Counter.h">
      <Filter>Utility</Filter>
    </ClInclude>
    <ClInclude Include="Enums.h">
      <Filter>Utility</Filter>
    </ClInclude>
    <ClInclude Include="Movement.h">
      <Filter>Components\BaseObjects</Filter>
    </ClInclude>
    <ClInclude Include="MovementStraight.h">
      <Filter>Components\Movement</Filter>
    </ClInclude>
    <ClInclude Include="MovementWave.h">
      <Filter>Components\Movement</Filter>
    </ClInclude>
    <ClInclude Include="MovementBobbing.h">
      <Filter>Components\Movement</Filter>
    </ClInclude>
    <ClInclude Include="MovementHoming.h">
      <Filter>Components\Movement</Filter>
    </ClInclude>
    <ClInclude Include="MovementSeeking.h">
      <Filter>Components\Movement</Filter>
    </ClInclude>
    <ClInclude Include="SpriteSheet.h">
      <Filter>Components\Visual</Filter>
    </ClInclude>
    <ClInclude Include="AudioClip.h" />
    <ClInclude Include="MovementDiagonal.h">
      <Filter>Components\Movement</Filter>
    </ClInclude>
    <ClInclude Include="Coin.h">
      <Filter>GameObjects\Coin</Filter>
    </ClInclude>
    <ClInclude Include="CoinManager.h">
      <Filter>Managers</Filter>
    </ClInclude>
    <ClInclude Include="ScoreAccessor.h">
      <Filter>Accessors</Filter>
    </ClInclude>
    <ClInclude Include="ScoreManager.h">
      <Filter>Managers</Filter>
    </ClInclude>
    <ClInclude Include="CoinAccessor.h" />
    <ClInclude Include="Ability.h" />
    <ClInclude Include="AudioManager.h">
      <Filter>Managers</Filter>
    </ClInclude>
    <ClInclude Include="AudioManagerAccesor.h">
      <Filter>Accessors</Filter>
    </ClInclude>
    <ClInclude Include="LevelAccessor.h">
      <Filter>Accessors</Filter>
    </ClInclude>
    <ClInclude Include="MenuManager.h">
      <Filter>Managers</Filter>
    </ClInclude>
    <ClInclude Include="MenuManagerSingleton.h">
      <Filter>Singletons</Filter>
    </ClInclude>
    <ClInclude Include="TestButton.h">
      <Filter>UI</Filter>
    </ClInclude>
    <ClInclude Include="TextElement.h">
      <Filter>UI</Filter>
    </ClInclude>
    <ClInclude Include="UIElement.h">
      <Filter>UI</Filter>
    </ClInclude>
    <ClInclude Include="ButtonElement.h">
      <Filter>UI</Filter>
    </ClInclude>
    <ClInclude Include="GodModeButton.h">
      <Filter>UI</Filter>
    </ClInclude>
    <ClInclude Include="CoinAccessor.h">
      <Filter>Accessors</Filter>
    </ClInclude>
    <ClInclude Include="HealthBar.h">
      <Filter>Components\Visual</Filter>
    </ClInclude>
    <ClInclude Include="Boss.h">
      <Filter>GameObjects\Boss</Filter>
    </ClInclude>
    <ClInclude Include="Module.h">
      <Filter>GameObjects\Boss\Modules</Filter>
    </ClInclude>
    <ClInclude Include="Module_SpawnEnemies.h">
      <Filter>GameObjects\Boss\Modules</Filter>
    </ClInclude>
    <ClInclude Include="Module_Shield.h">
      <Filter>GameObjects\Boss\Modules</Filter>
    </ClInclude>
    <ClInclude Include="Module_Shoot.h">
      <Filter>GameObjects\Boss\Modules</Filter>
    </ClInclude>
    <ClInclude Include="Phase.h">
      <Filter>GameObjects\Boss</Filter>
    </ClInclude>
    <ClInclude Include="Module_Immunity.h">
      <Filter>GameObjects\Boss\Modules</Filter>
    </ClInclude>
    <ClInclude Include="Module_Delay.h">
      <Filter>GameObjects\Boss\Modules</Filter>
    </ClInclude>
    <ClInclude Include="Condition_Timed.h">
      <Filter>GameObjects\Boss\Conditions</Filter>
    </ClInclude>
    <ClInclude Include="Condition_DoOnce.h">
      <Filter>GameObjects\Boss\Conditions</Filter>
    </ClInclude>
    <ClInclude Include="Condition_BelowHealth.h">
      <Filter>GameObjects\Boss\Conditions</Filter>
    </ClInclude>
    <ClInclude Include="Condition.h">
      <Filter>GameObjects\Boss\Conditions</Filter>
    </ClInclude>
    <ClInclude Include="Condition_Time.h">
      <Filter>GameObjects\Boss\Conditions</Filter>
    </ClInclude>
    <ClInclude Include="Player_JsonParser.h">
      <Filter>GameObjects\Player</Filter>
    </ClInclude>
    <ClInclude Include="EngineFlame.h">
      <Filter>GameObjects\Effects</Filter>
    </ClInclude>
    <ClInclude Include="BossManager.h" />
    <ClInclude Include="Module_Movement.h">
      <Filter>GameObjects\Boss\Modules</Filter>
    </ClInclude>
    <ClInclude Include="Missile.h" />
    <ClInclude Include="Shield.h" />
    <ClInclude Include="GenericButton.h">
      <Filter>UI</Filter>
    </ClInclude>
    <ClInclude Include="ImageElement.h">
      <Filter>UI</Filter>
    </ClInclude>
    <ClInclude Include="MenuObject.h">
      <Filter>UI</Filter>
    </ClInclude>
    <ClInclude Include="ShopButton.h">
      <Filter>UI</Filter>
    </ClInclude>
    <ClInclude Include="ShopButtonTier2.h">
      <Filter>UI</Filter>
    </ClInclude>
    <ClInclude Include="ShopUI.h">
      <Filter>UI</Filter>
    </ClInclude>
    <ClInclude Include="StartButton.h">
      <Filter>UI</Filter>
    </ClInclude>
    <ClInclude Include="PlayerAccessor.h">
      <Filter>Accessors</Filter>
    </ClInclude>
    <ClInclude Include="EffectExplosionLarge.h">
      <Filter>GameObjects\Effects</Filter>
    </ClInclude>
    <ClInclude Include="AOEBullet.h" />
    <ClInclude Include="Module_Missile.h">
      <Filter>GameObjects\Boss\Modules</Filter>
    </ClInclude>
    <ClInclude Include="PowerUpModule.h" />
    <ClInclude Include="ExitButton.h">
      <Filter>UI</Filter>
    </ClInclude>
    <ClInclude Include="ReturnToMainMenuButton.h" />
    <ClInclude Include="SliderElement.h" />
    <ClInclude Include="GoToMainMenuButton.h" />
    <ClInclude Include="LevelSelectButton.h" />
    <ClInclude Include="Cutscenes.h" />
    <ClInclude Include="VideoPlayer.h" />
    <ClInclude Include="VideoPlayerAccessor.h" />
    <ClInclude Include="LevelSelect.h">
      <Filter>UI</Filter>
    </ClInclude>
    <ClInclude Include="ShopButtonTier3.h" />
    <ClInclude Include="Enemy.h">
      <Filter>GameObjects\Enemy</Filter>
    </ClInclude>
    <ClInclude Include="TurretPipe.h">
      <Filter>GameObjects\Enemy</Filter>
    </ClInclude>
    <ClInclude Include="TimedBomb.h" />
    <ClInclude Include="Module_Laser.h">
      <Filter>GameObjects\Boss\Modules</Filter>
    </ClInclude>
    <ClInclude Include="Laser.h" />
    <ClInclude Include="Particle.h">
      <Filter>Particles</Filter>
    </ClInclude>
    <ClInclude Include="ParticleEmitter.h">
      <Filter>Particles</Filter>
    </ClInclude>
    <ClInclude Include="Game_Accessor.h">
      <Filter>Singletons</Filter>
    </ClInclude>
    <ClInclude Include="MousePointer.h" />
    <ClInclude Include="Options.h">
      <Filter>UI</Filter>
    </ClInclude>
  </ItemGroup>
  <ItemGroup>
    <Filter Include="Main">
      <UniqueIdentifier>{e96d45b3-f73f-456d-8ad0-6d7277eec0bd}</UniqueIdentifier>
    </Filter>
    <Filter Include="Utility">
      <UniqueIdentifier>{ff003c78-fd87-455e-a560-07cfe005a018}</UniqueIdentifier>
    </Filter>
    <Filter Include="Singletons">
      <UniqueIdentifier>{5484a4d1-0364-4dd7-b82b-959a359b4697}</UniqueIdentifier>
    </Filter>
    <Filter Include="GameObjects">
      <UniqueIdentifier>{d175409f-1030-4fc4-b029-53892a0b7275}</UniqueIdentifier>
    </Filter>
    <Filter Include="GameObjects\Player">
      <UniqueIdentifier>{7d9d6124-657a-45d5-ab6a-bdaf0e279578}</UniqueIdentifier>
    </Filter>
    <Filter Include="GameObjects\Bullet">
      <UniqueIdentifier>{26bb6712-e0f2-4673-962f-9699856729fd}</UniqueIdentifier>
    </Filter>
    <Filter Include="GameObjects\Enemy">
      <UniqueIdentifier>{d8ab0d0e-5cfc-4a52-bc0e-4002b4210b45}</UniqueIdentifier>
    </Filter>
    <Filter Include="GameObjects\TypePatterns">
      <UniqueIdentifier>{d8bd672e-4621-41e4-b8ea-14e6a9938ba3}</UniqueIdentifier>
    </Filter>
    <Filter Include="Accessors">
      <UniqueIdentifier>{b28a7e99-02d8-4fdd-ba76-863512f61d28}</UniqueIdentifier>
    </Filter>
    <Filter Include="Factories">
      <UniqueIdentifier>{b51d3f45-8b75-4d4a-b4a2-6a292aa4eba1}</UniqueIdentifier>
    </Filter>
    <Filter Include="GameObjects\Background">
      <UniqueIdentifier>{0e91fbec-6711-458e-a791-9d00bedb1949}</UniqueIdentifier>
    </Filter>
    <Filter Include="Components">
      <UniqueIdentifier>{31bd57a0-eb04-4e2f-8b7c-5590dd4d0b11}</UniqueIdentifier>
    </Filter>
    <Filter Include="Components\BaseObjects">
      <UniqueIdentifier>{c8821333-31d0-4e7a-90ad-e946cd83c4f7}</UniqueIdentifier>
    </Filter>
    <Filter Include="Managers">
      <UniqueIdentifier>{a51c7744-494a-41ce-a5b2-fabe794a933c}</UniqueIdentifier>
    </Filter>
    <Filter Include="Tga2D">
      <UniqueIdentifier>{c1e054b0-c720-43de-a48f-5e33481928f4}</UniqueIdentifier>
    </Filter>
    <Filter Include="Components\Movement">
      <UniqueIdentifier>{14ecb963-5ec5-4285-86f7-58fb95385bb4}</UniqueIdentifier>
    </Filter>
    <Filter Include="Components\Visual">
      <UniqueIdentifier>{65cfdee0-cc21-46b8-bdec-cc830a797082}</UniqueIdentifier>
    </Filter>
    <Filter Include="GameObjects\Coin">
      <UniqueIdentifier>{1c881ec8-17c6-44bd-a3e3-c8231b46dcf3}</UniqueIdentifier>
    </Filter>
    <Filter Include="UI">
      <UniqueIdentifier>{89221cde-0de4-4eeb-bc2d-3cb62787dd2a}</UniqueIdentifier>
    </Filter>
    <Filter Include="GameObjects\Boss">
      <UniqueIdentifier>{1b0f8b18-f337-4879-9005-a6d0d210fa33}</UniqueIdentifier>
    </Filter>
    <Filter Include="GameObjects\Boss\Modules">
      <UniqueIdentifier>{0f2fef58-024d-43b7-b7d5-0e6b5df2b7c7}</UniqueIdentifier>
    </Filter>
    <Filter Include="GameObjects\Boss\Conditions">
      <UniqueIdentifier>{9634c74f-a157-40da-9bb5-8a512865c591}</UniqueIdentifier>
    </Filter>
    <Filter Include="GameObjects\Effects">
      <UniqueIdentifier>{08bcf401-d3a6-4008-bbf7-82ffe9bb2dcf}</UniqueIdentifier>
    </Filter>
    <Filter Include="Particles">
      <UniqueIdentifier>{c942d1a7-a3e3-4ec1-9602-5da828c25b59}</UniqueIdentifier>
    </Filter>
  </ItemGroup>
</Project>