<?xml version="1.0" encoding="utf-8"?>
<Project ToolsVersion="4.0" xmlns="http://schemas.microsoft.com/developer/msbuild/2003">
  <ItemGroup>
    <ClCompile Include="Collider.cpp">
      <Filter>Components\BaseObjects</Filter>
    </ClCompile>
    <ClCompile Include="CollisionObject.cpp">
      <Filter>Components\BaseObjects</Filter>
    </ClCompile>
    <ClCompile Include="GameObject.cpp">
      <Filter>Components\BaseObjects</Filter>
    </ClCompile>
    <ClCompile Include="Game.cpp">
      <Filter>Main</Filter>
    </ClCompile>
    <ClCompile Include="GameWorld.cpp">
      <Filter>Main</Filter>
    </ClCompile>
    <ClCompile Include="RenderCommand.cpp">
      <Filter>Components\BaseObjects</Filter>
    </ClCompile>
    <ClCompile Include="Sprite.cpp">
      <Filter>Utility</Filter>
    </ClCompile>
    <ClCompile Include="InputManager.cpp">
      <Filter>Singletons</Filter>
    </ClCompile>
    <ClCompile Include="Timer.cpp">
      <Filter>Singletons</Filter>
    </ClCompile>
    <ClCompile Include="Renderer.cpp">
      <Filter>Main</Filter>
    </ClCompile>
    <ClCompile Include="Player.cpp">
      <Filter>GameObjects\Player</Filter>
    </ClCompile>
    <ClCompile Include="Bullet.cpp">
      <Filter>GameObjects\Bullet</Filter>
    </ClCompile>
    <ClCompile Include="Enemy.cpp">
      <Filter>GameObjects\Enemy</Filter>
    </ClCompile>
    <ClCompile Include="Score.cpp" />
    <ClCompile Include="TypePattern_Background.cpp">
      <Filter>GameObjects\TypePatterns</Filter>
    </ClCompile>
    <ClCompile Include="TypePattern_Bullet.cpp">
      <Filter>GameObjects\TypePatterns</Filter>
    </ClCompile>
    <ClCompile Include="TypePattern_Enemy.cpp">
      <Filter>GameObjects\TypePatterns</Filter>
    </ClCompile>
    <ClCompile Include="RendererAccessor.cpp">
      <Filter>Accessors</Filter>
    </ClCompile>
    <ClCompile Include="BackgroundFactory.cpp">
      <Filter>Factories</Filter>
    </ClCompile>
    <ClCompile Include="BulletFactory.cpp">
      <Filter>Factories</Filter>
    </ClCompile>
    <ClCompile Include="EnemyFactory.cpp">
      <Filter>Factories</Filter>
    </ClCompile>
    <ClCompile Include="BackgroundObject.cpp">
      <Filter>GameObjects\Background</Filter>
    </ClCompile>
    <ClCompile Include="stdafx.cpp">
      <Filter>Main</Filter>
    </ClCompile>
    <ClCompile Include="Health.cpp">
      <Filter>Components\BaseObjects</Filter>
    </ClCompile>
    <ClCompile Include="Movement.cpp">
      <Filter>Components</Filter>
    </ClCompile>
    <ClCompile Include="Counter.cpp">
      <Filter>Utility</Filter>
    </ClCompile>
    <ClCompile Include="LevelManager.cpp">
      <Filter>Managers</Filter>
    </ClCompile>
    <ClCompile Include="BackgroundManager.cpp">
      <Filter>Managers</Filter>
    </ClCompile>
    <ClCompile Include="Pack.cpp" />
    <ClCompile Include="MenuManager.cpp" />
    <ClCompile Include="MenuObject.cpp" />
    <ClCompile Include="UIElement.cpp" />
  </ItemGroup>
  <ItemGroup>
    <ClInclude Include="Collider.h">
      <Filter>Components\BaseObjects</Filter>
    </ClInclude>
    <ClInclude Include="CollisionObject.h">
      <Filter>Components\BaseObjects</Filter>
    </ClInclude>
    <ClInclude Include="GameObject.h">
      <Filter>Components\BaseObjects</Filter>
    </ClInclude>
    <ClInclude Include="Game.h">
      <Filter>Main</Filter>
    </ClInclude>
    <ClInclude Include="GameWorld.h">
      <Filter>Main</Filter>
    </ClInclude>
    <ClInclude Include="RenderCommand.h">
      <Filter>Components\BaseObjects</Filter>
    </ClInclude>
    <ClInclude Include="Sprite.h">
      <Filter>Utility</Filter>
    </ClInclude>
    <ClInclude Include="InputManager.h">
      <Filter>Singletons</Filter>
    </ClInclude>
    <ClInclude Include="Timer.h">
      <Filter>Singletons</Filter>
    </ClInclude>
    <ClInclude Include="Renderer.h">
      <Filter>Main</Filter>
    </ClInclude>
    <ClInclude Include="Player.h">
      <Filter>GameObjects\Player</Filter>
    </ClInclude>
    <ClInclude Include="Bullet.h">
      <Filter>GameObjects\Bullet</Filter>
    </ClInclude>
    <ClInclude Include="macros.h">
      <Filter>Utility</Filter>
    </ClInclude>
    <ClInclude Include="Enemy.h">
      <Filter>GameObjects\Enemy</Filter>
    </ClInclude>
    <ClInclude Include="Score.h" />
    <ClInclude Include="TypePattern_Background.h">
      <Filter>GameObjects\TypePatterns</Filter>
    </ClInclude>
    <ClInclude Include="TypePattern_Bullet.h">
      <Filter>GameObjects\TypePatterns</Filter>
    </ClInclude>
    <ClInclude Include="TypePattern_Enemy.h">
      <Filter>GameObjects\TypePatterns</Filter>
    </ClInclude>
    <ClInclude Include="RendererAccessor.h">
      <Filter>Accessors</Filter>
    </ClInclude>
    <ClInclude Include="BackgroundFactory.h">
      <Filter>Factories</Filter>
    </ClInclude>
    <ClInclude Include="BulletFactory.h">
      <Filter>Factories</Filter>
    </ClInclude>
    <ClInclude Include="EnemyFactory.h">
      <Filter>Factories</Filter>
    </ClInclude>
    <ClInclude Include="BackgroundObject.h">
      <Filter>GameObjects\Background</Filter>
    </ClInclude>
    <ClInclude Include="Health.h">
      <Filter>Components\BaseObjects</Filter>
    </ClInclude>
    <ClInclude Include="Movement.h">
      <Filter>Components</Filter>
    </ClInclude>
    <ClInclude Include="LevelManager.h">
      <Filter>Managers</Filter>
    </ClInclude>
    <ClInclude Include="BackgroundManager.h">
      <Filter>Managers</Filter>
    </ClInclude>
    <ClInclude Include="resource.h">
      <Filter>Tga2D</Filter>
    </ClInclude>
    <ClInclude Include="stdafx.h">
      <Filter>Tga2D</Filter>
    </ClInclude>
    <ClInclude Include="targetver.h">
      <Filter>Tga2D</Filter>
    </ClInclude>
    <ClInclude Include="Pack.h" />
    <ClInclude Include="Counter.h">
      <Filter>Utility</Filter>
    </ClInclude>
    <ClInclude Include="MenuManager.h" />
    <ClInclude Include="MenuObject.h" />
    <ClInclude Include="UIElement.h" />
  </ItemGroup>
  <ItemGroup>
    <Filter Include="Main">
      <UniqueIdentifier>{e96d45b3-f73f-456d-8ad0-6d7277eec0bd}</UniqueIdentifier>
    </Filter>
    <Filter Include="Utility">
      <UniqueIdentifier>{ff003c78-fd87-455e-a560-07cfe005a018}</UniqueIdentifier>
    </Filter>
    <Filter Include="Singletons">
      <UniqueIdentifier>{5484a4d1-0364-4dd7-b82b-959a359b4697}</UniqueIdentifier>
    </Filter>
    <Filter Include="GameObjects">
      <UniqueIdentifier>{d175409f-1030-4fc4-b029-53892a0b7275}</UniqueIdentifier>
    </Filter>
    <Filter Include="GameObjects\Player">
      <UniqueIdentifier>{7d9d6124-657a-45d5-ab6a-bdaf0e279578}</UniqueIdentifier>
    </Filter>
    <Filter Include="GameObjects\Bullet">
      <UniqueIdentifier>{26bb6712-e0f2-4673-962f-9699856729fd}</UniqueIdentifier>
    </Filter>
    <Filter Include="GameObjects\Enemy">
      <UniqueIdentifier>{d8ab0d0e-5cfc-4a52-bc0e-4002b4210b45}</UniqueIdentifier>
    </Filter>
    <Filter Include="GameObjects\TypePatterns">
      <UniqueIdentifier>{d8bd672e-4621-41e4-b8ea-14e6a9938ba3}</UniqueIdentifier>
    </Filter>
    <Filter Include="Accessors">
      <UniqueIdentifier>{b28a7e99-02d8-4fdd-ba76-863512f61d28}</UniqueIdentifier>
    </Filter>
    <Filter Include="Factories">
      <UniqueIdentifier>{b51d3f45-8b75-4d4a-b4a2-6a292aa4eba1}</UniqueIdentifier>
    </Filter>
    <Filter Include="GameObjects\Background">
      <UniqueIdentifier>{0e91fbec-6711-458e-a791-9d00bedb1949}</UniqueIdentifier>
    </Filter>
    <Filter Include="Components">
      <UniqueIdentifier>{31bd57a0-eb04-4e2f-8b7c-5590dd4d0b11}</UniqueIdentifier>
    </Filter>
    <Filter Include="Components\BaseObjects">
      <UniqueIdentifier>{c8821333-31d0-4e7a-90ad-e946cd83c4f7}</UniqueIdentifier>
    </Filter>
    <Filter Include="Managers">
      <UniqueIdentifier>{a51c7744-494a-41ce-a5b2-fabe794a933c}</UniqueIdentifier>
    </Filter>
    <Filter Include="Tga2D">
      <UniqueIdentifier>{c1e054b0-c720-43de-a48f-5e33481928f4}</UniqueIdentifier>
    </Filter>
  </ItemGroup>
</Project>